
Microsoft Visual Studio Solution File, Format Version 12.00
# Visual Studio Version 17
VisualStudioVersion = 17.8.34525.116
MinimumVisualStudioVersion = 10.0.40219.1
Project("{FAE04EC0-301F-11D3-BF4B-00C04F79EFBC}") = "BestStoreMVC_EF_CFA", "BestStoreMVC_EF_CFA\BestStoreMVC_EF_CFA.csproj", "{4858AF85-3148-4D2C-8E26-FC5120CFF55E}"
EndProject
Global
	GlobalSection(SolutionConfigurationPlatforms) = preSolution
		Debug|Any CPU = Debug|Any CPU
		Release|Any CPU = Release|Any CPU
	EndGlobalSection
	GlobalSection(ProjectConfigurationPlatforms) = postSolution
		{4858AF85-3148-4D2C-8E26-FC5120CFF55E}.Debug|Any CPU.ActiveCfg = Debug|Any CPU
		{4858AF85-3148-4D2C-8E26-FC5120CFF55E}.Debug|Any CPU.Build.0 = Debug|Any CPU
		{4858AF85-3148-4D2C-8E26-FC5120CFF55E}.Release|Any CPU.ActiveCfg = Release|Any CPU
		{4858AF85-3148-4D2C-8E26-FC5120CFF55E}.Release|Any CPU.Build.0 = Release|Any CPU
	EndGlobalSection
	GlobalSection(SolutionProperties) = preSolution
		HideSolutionNode = FALSE
	EndGlobalSection
	GlobalSection(ExtensibilityGlobals) = postSolution
		SolutionGuid = {A1835122-898E-4B2B-9AA5-8D194BF60502}
	EndGlobalSection
EndGlobal
